
Microsoft Visual Studio Solution File, Format Version 10.00
# Visual Studio 2008
Project("{FAE04EC0-301F-11D3-BF4B-00C04F79EFBC}") = "SharpTilesSample", "SharpTilesSample\SharpTilesSample.csproj", "{CE05431A-2084-453B-8A54-9A50F5F700E8}"
EndProject
Project("{FAE04EC0-301F-11D3-BF4B-00C04F79EFBC}") = "SharpTilesSampleTest", "SharpTilesSampleTest\SharpTilesSampleTest.csproj", "{FDC4462A-8B4E-454D-8B2E-51E3536924E8}"
	ProjectSection(ProjectDependencies) = postProject
		{CE05431A-2084-453B-8A54-9A50F5F700E8} = {CE05431A-2084-453B-8A54-9A50F5F700E8}
	EndProjectSection
EndProject
Global
	GlobalSection(SolutionConfigurationPlatforms) = preSolution
		Debug|Any CPU = Debug|Any CPU
		Release|Any CPU = Release|Any CPU
	EndGlobalSection
	GlobalSection(ProjectConfigurationPlatforms) = postSolution
		{CE05431A-2084-453B-8A54-9A50F5F700E8}.Debug|Any CPU.ActiveCfg = Debug|Any CPU
		{CE05431A-2084-453B-8A54-9A50F5F700E8}.Debug|Any CPU.Build.0 = Debug|Any CPU
		{CE05431A-2084-453B-8A54-9A50F5F700E8}.Release|Any CPU.ActiveCfg = Release|Any CPU
		{CE05431A-2084-453B-8A54-9A50F5F700E8}.Release|Any CPU.Build.0 = Release|Any CPU
		{FDC4462A-8B4E-454D-8B2E-51E3536924E8}.Debug|Any CPU.ActiveCfg = Debug|Any CPU
		{FDC4462A-8B4E-454D-8B2E-51E3536924E8}.Debug|Any CPU.Build.0 = Debug|Any CPU
		{FDC4462A-8B4E-454D-8B2E-51E3536924E8}.Release|Any CPU.ActiveCfg = Release|Any CPU
		{FDC4462A-8B4E-454D-8B2E-51E3536924E8}.Release|Any CPU.Build.0 = Release|Any CPU
	EndGlobalSection
	GlobalSection(SolutionProperties) = preSolution
		HideSolutionNode = FALSE
	EndGlobalSection
EndGlobal
